
Microsoft Visual Studio Solution File, Format Version 12.00
# Visual Studio Version 17
VisualStudioVersion = 17.7.34024.191
MinimumVisualStudioVersion = 10.0.40219.1
Project("{FAE04EC0-301F-11D3-BF4B-00C04F79EFBC}") = "01-Fundamentos", "01-Fundamentos.csproj", "{EA185CBD-037A-4251-B029-099FBC12232F}"
EndProject
Project("{FAE04EC0-301F-11D3-BF4B-00C04F79EFBC}") = "02-Metodos", "..\02-Metodos\02-Metodos.csproj", "{E9204482-2D74-4E11-AB2E-C560B421F8F7}"
EndProject
Global
	GlobalSection(SolutionConfigurationPlatforms) = preSolution
		Debug|Any CPU = Debug|Any CPU
		Release|Any CPU = Release|Any CPU
	EndGlobalSection
	GlobalSection(ProjectConfigurationPlatforms) = postSolution
		{EA185CBD-037A-4251-B029-099FBC12232F}.Debug|Any CPU.ActiveCfg = Debug|Any CPU
		{EA185CBD-037A-4251-B029-099FBC12232F}.Debug|Any CPU.Build.0 = Debug|Any CPU
		{EA185CBD-037A-4251-B029-099FBC12232F}.Release|Any CPU.ActiveCfg = Release|Any CPU
		{EA185CBD-037A-4251-B029-099FBC12232F}.Release|Any CPU.Build.0 = Release|Any CPU
		{E9204482-2D74-4E11-AB2E-C560B421F8F7}.Debug|Any CPU.ActiveCfg = Debug|Any CPU
		{E9204482-2D74-4E11-AB2E-C560B421F8F7}.Debug|Any CPU.Build.0 = Debug|Any CPU
		{E9204482-2D74-4E11-AB2E-C560B421F8F7}.Release|Any CPU.ActiveCfg = Release|Any CPU
		{E9204482-2D74-4E11-AB2E-C560B421F8F7}.Release|Any CPU.Build.0 = Release|Any CPU
	EndGlobalSection
	GlobalSection(SolutionProperties) = preSolution
		HideSolutionNode = FALSE
	EndGlobalSection
	GlobalSection(ExtensibilityGlobals) = postSolution
		SolutionGuid = {6D409F15-E16E-48C8-AE45-DA6DF8948A2A}
	EndGlobalSection
EndGlobal
