
Microsoft Visual Studio Solution File, Format Version 12.00
# Visual Studio Version 17
VisualStudioVersion = 17.7.34024.191
MinimumVisualStudioVersion = 10.0.40219.1
Project("{9A19103F-16F7-4668-BE54-9A1E7A4F7556}") = "01- Fundamentos", "01- Fundamentos.csproj", "{4317DE29-6E01-4636-8B2D-9328B84639AC}"
EndProject
Project("{9A19103F-16F7-4668-BE54-9A1E7A4F7556}") = "02- Metodos", "..\02- Metodos\02- Metodos.csproj", "{BB0EDBD6-D4AB-4C31-B02F-AAA2A4786507}"
EndProject
Project("{9A19103F-16F7-4668-BE54-9A1E7A4F7556}") = "04- Excepciones", "..\04- Excepciones\04- Excepciones.csproj", "{20B9BE28-8E4C-4F0E-8CFD-0F1CEA79CE09}"
EndProject
Project("{9A19103F-16F7-4668-BE54-9A1E7A4F7556}") = "05- POO", "..\05- POO\05- POO.csproj", "{504707D6-1AF2-47C8-BFE6-52E070D4DF37}"
EndProject
Project("{9A19103F-16F7-4668-BE54-9A1E7A4F7556}") = "03- Condicionales", "..\03- Condicionales\03- Condicionales.csproj", "{C167DAF6-D437-4135-8833-83077104A1B7}"
EndProject
Project("{9A19103F-16F7-4668-BE54-9A1E7A4F7556}") = "06- Arrays", "..\06- Arrays\06- Arrays.csproj", "{346775A9-0609-4A5C-90FC-1931E679A859}"
EndProject
Project("{9A19103F-16F7-4668-BE54-9A1E7A4F7556}") = "07- Herencia", "..\07- Herencia\07- Herencia.csproj", "{A51E1F3C-A5E9-4C0B-BAD5-11F1A5D33014}"
EndProject
Project("{9A19103F-16F7-4668-BE54-9A1E7A4F7556}") = "08- Interfaces", "..\08- Interfaces\08- Interfaces.csproj", "{AE736D5C-26A7-46FB-8F98-9F494224939F}"
EndProject
Project("{9A19103F-16F7-4668-BE54-9A1E7A4F7556}") = "09- ClasesAbstractas", "..\09- ClasesAbstractas\09- ClasesAbstractas.csproj", "{5B4586DC-33C9-4483-9F43-6B88463462E9}"
EndProject
Project("{FAE04EC0-301F-11D3-BF4B-00C04F79EFBC}") = "10- Colecciones", "..\10- Colecciones\10- Colecciones.csproj", "{4CCDB615-D1FA-45A7-8D5D-983301835CD8}"
EndProject
Global
	GlobalSection(SolutionConfigurationPlatforms) = preSolution
		Debug|Any CPU = Debug|Any CPU
		Release|Any CPU = Release|Any CPU
	EndGlobalSection
	GlobalSection(ProjectConfigurationPlatforms) = postSolution
		{4317DE29-6E01-4636-8B2D-9328B84639AC}.Debug|Any CPU.ActiveCfg = Debug|Any CPU
		{4317DE29-6E01-4636-8B2D-9328B84639AC}.Debug|Any CPU.Build.0 = Debug|Any CPU
		{4317DE29-6E01-4636-8B2D-9328B84639AC}.Release|Any CPU.ActiveCfg = Release|Any CPU
		{4317DE29-6E01-4636-8B2D-9328B84639AC}.Release|Any CPU.Build.0 = Release|Any CPU
		{BB0EDBD6-D4AB-4C31-B02F-AAA2A4786507}.Debug|Any CPU.ActiveCfg = Debug|Any CPU
		{BB0EDBD6-D4AB-4C31-B02F-AAA2A4786507}.Debug|Any CPU.Build.0 = Debug|Any CPU
		{BB0EDBD6-D4AB-4C31-B02F-AAA2A4786507}.Release|Any CPU.ActiveCfg = Release|Any CPU
		{BB0EDBD6-D4AB-4C31-B02F-AAA2A4786507}.Release|Any CPU.Build.0 = Release|Any CPU
		{20B9BE28-8E4C-4F0E-8CFD-0F1CEA79CE09}.Debug|Any CPU.ActiveCfg = Debug|Any CPU
		{20B9BE28-8E4C-4F0E-8CFD-0F1CEA79CE09}.Debug|Any CPU.Build.0 = Debug|Any CPU
		{20B9BE28-8E4C-4F0E-8CFD-0F1CEA79CE09}.Release|Any CPU.ActiveCfg = Release|Any CPU
		{20B9BE28-8E4C-4F0E-8CFD-0F1CEA79CE09}.Release|Any CPU.Build.0 = Release|Any CPU
		{504707D6-1AF2-47C8-BFE6-52E070D4DF37}.Debug|Any CPU.ActiveCfg = Debug|Any CPU
		{504707D6-1AF2-47C8-BFE6-52E070D4DF37}.Debug|Any CPU.Build.0 = Debug|Any CPU
		{504707D6-1AF2-47C8-BFE6-52E070D4DF37}.Release|Any CPU.ActiveCfg = Release|Any CPU
		{504707D6-1AF2-47C8-BFE6-52E070D4DF37}.Release|Any CPU.Build.0 = Release|Any CPU
		{C167DAF6-D437-4135-8833-83077104A1B7}.Debug|Any CPU.ActiveCfg = Debug|Any CPU
		{C167DAF6-D437-4135-8833-83077104A1B7}.Debug|Any CPU.Build.0 = Debug|Any CPU
		{C167DAF6-D437-4135-8833-83077104A1B7}.Release|Any CPU.ActiveCfg = Release|Any CPU
		{C167DAF6-D437-4135-8833-83077104A1B7}.Release|Any CPU.Build.0 = Release|Any CPU
		{346775A9-0609-4A5C-90FC-1931E679A859}.Debug|Any CPU.ActiveCfg = Debug|Any CPU
		{346775A9-0609-4A5C-90FC-1931E679A859}.Debug|Any CPU.Build.0 = Debug|Any CPU
		{346775A9-0609-4A5C-90FC-1931E679A859}.Release|Any CPU.ActiveCfg = Release|Any CPU
		{346775A9-0609-4A5C-90FC-1931E679A859}.Release|Any CPU.Build.0 = Release|Any CPU
		{A51E1F3C-A5E9-4C0B-BAD5-11F1A5D33014}.Debug|Any CPU.ActiveCfg = Debug|Any CPU
		{A51E1F3C-A5E9-4C0B-BAD5-11F1A5D33014}.Debug|Any CPU.Build.0 = Debug|Any CPU
		{A51E1F3C-A5E9-4C0B-BAD5-11F1A5D33014}.Release|Any CPU.ActiveCfg = Release|Any CPU
		{A51E1F3C-A5E9-4C0B-BAD5-11F1A5D33014}.Release|Any CPU.Build.0 = Release|Any CPU
		{AE736D5C-26A7-46FB-8F98-9F494224939F}.Debug|Any CPU.ActiveCfg = Debug|Any CPU
		{AE736D5C-26A7-46FB-8F98-9F494224939F}.Debug|Any CPU.Build.0 = Debug|Any CPU
		{AE736D5C-26A7-46FB-8F98-9F494224939F}.Release|Any CPU.ActiveCfg = Release|Any CPU
		{AE736D5C-26A7-46FB-8F98-9F494224939F}.Release|Any CPU.Build.0 = Release|Any CPU
		{5B4586DC-33C9-4483-9F43-6B88463462E9}.Debug|Any CPU.ActiveCfg = Debug|Any CPU
		{5B4586DC-33C9-4483-9F43-6B88463462E9}.Debug|Any CPU.Build.0 = Debug|Any CPU
		{5B4586DC-33C9-4483-9F43-6B88463462E9}.Release|Any CPU.ActiveCfg = Release|Any CPU
		{5B4586DC-33C9-4483-9F43-6B88463462E9}.Release|Any CPU.Build.0 = Release|Any CPU
		{4CCDB615-D1FA-45A7-8D5D-983301835CD8}.Debug|Any CPU.ActiveCfg = Debug|Any CPU
		{4CCDB615-D1FA-45A7-8D5D-983301835CD8}.Debug|Any CPU.Build.0 = Debug|Any CPU
		{4CCDB615-D1FA-45A7-8D5D-983301835CD8}.Release|Any CPU.ActiveCfg = Release|Any CPU
		{4CCDB615-D1FA-45A7-8D5D-983301835CD8}.Release|Any CPU.Build.0 = Release|Any CPU
	EndGlobalSection
	GlobalSection(SolutionProperties) = preSolution
		HideSolutionNode = FALSE
	EndGlobalSection
	GlobalSection(ExtensibilityGlobals) = postSolution
		SolutionGuid = {FBE33EBF-166A-4A39-8E98-EBB3F359D263}
	EndGlobalSection
EndGlobal
